{
  "requires": true,
  "lockfileVersion": 1,
  "dependencies": {
    "node-inspect": {
      "version": "1.11.3",
      "resolved": "https://registry.npmjs.org/node-inspect/-/node-inspect-1.11.3.tgz",
      "integrity": "sha512-HuHMBw8NYBNaaUCeJJapQ1LfJxkg4ttUMV//t0toTBc8Oy0AaR4kFaMH+Y5+ub+hDH6CVGRQaLJIGmpVkM04dg=="
    }
  }
}
